# @generated - this file is auto-generated by `mise lock` https://mise.jdx.dev/dev-tools/mise-lock.html

[[tools.atuin]]
version = "18.19.0"
backend = "aqua:atuinsh/atuin"

[tools.atuin."platforms.linux-arm64"]
checksum = "sha256:cb4a00c042178814114e7188505100ad7ac2f43c573d0578e764d309c038aa96"
url = "https://github.com/atuinsh/atuin/releases/download/v18.19.0/atuin-aarch64-unknown-linux-musl.tar.gz"
url_api = "https://api.github.com/repos/atuinsh/atuin/releases/assets/500652043"
provenance = "github-attestations"

[tools.atuin."platforms.linux-arm64-musl"]
checksum = "sha256:cb4a00c042178814114e7188505100ad7ac2f43c573d0578e764d309c038aa96"
url = "https://github.com/atuinsh/atuin/releases/download/v18.19.0/atuin-aarch64-unknown-linux-musl.tar.gz"
url_api = "https://api.github.com/repos/atuinsh/atuin/releases/assets/500652043"
provenance = "github-attestations"

[tools.atuin."platforms.linux-x64"]
checksum = "sha256:a2cd1f7bba0e45cf620683833a6414b9dd74a0c446e4d819258b6717109bc0fd"
url = "https://github.com/atuinsh/atuin/releases/download/v18.19.0/atuin-x86_64-unknown-linux-musl.tar.gz"
url_api = "https://api.github.com/repos/atuinsh/atuin/releases/assets/500652099"
provenance = "github-attestations"

[tools.atuin."platforms.linux-x64-musl"]
checksum = "sha256:a2cd1f7bba0e45cf620683833a6414b9dd74a0c446e4d819258b6717109bc0fd"
url = "https://github.com/atuinsh/atuin/releases/download/v18.19.0/atuin-x86_64-unknown-linux-musl.tar.gz"
url_api = "https://api.github.com/repos/atuinsh/atuin/releases/assets/500652099"
provenance = "github-attestations"

[tools.atuin."platforms.macos-arm64"]
checksum = "sha256:40c8eb1fc12c0f5174fd4f20bc791310f19e58a31791f20d14d72f15661f19f1"
url = "https://github.com/atuinsh/atuin/releases/download/v18.19.0/atuin-aarch64-apple-darwin.tar.gz"
url_api = "https://api.github.com/repos/atuinsh/atuin/releases/assets/500652047"
provenance = "github-attestations"

[tools.atuin."platforms.windows-x64"]
checksum = "sha256:905f4c08d05e018723341dabdcb2fd5bee705bb1e1b76d876a6cedeece9bb307"
url = "https://github.com/atuinsh/atuin/releases/download/v18.19.0/atuin-x86_64-pc-windows-msvc.zip"
url_api = "https://api.github.com/repos/atuinsh/atuin/releases/assets/500652093"
provenance = "github-attestations"

[[tools.bat]]
version = "0.26.1"
backend = "aqua:sharkdp/bat"

[tools.bat."platforms.linux-arm64"]
checksum = "sha256:6369242c584065f195fb20cb36fbd7cb63ae690605bbe89868a7596b596c2c23"
url = "https://github.com/sharkdp/bat/releases/download/v0.26.1/bat-v0.26.1-aarch64-unknown-linux-musl.tar.gz"
url_api = "https://api.github.com/repos/sharkdp/bat/releases/assets/323548153"

[tools.bat."platforms.linux-arm64-musl"]
checksum = "sha256:6369242c584065f195fb20cb36fbd7cb63ae690605bbe89868a7596b596c2c23"
url = "https://github.com/sharkdp/bat/releases/download/v0.26.1/bat-v0.26.1-aarch64-unknown-linux-musl.tar.gz"
url_api = "https://api.github.com/repos/sharkdp/bat/releases/assets/323548153"

[tools.bat."platforms.linux-x64"]
checksum = "sha256:0dcd8ac79732c0d5b136f11f4ee00e581440e16a44eab5b3105b611bbf2cf191"
url = "https://github.com/sharkdp/bat/releases/download/v0.26.1/bat-v0.26.1-x86_64-unknown-linux-musl.tar.gz"
url_api = "https://api.github.com/repos/sharkdp/bat/releases/assets/323549429"

[tools.bat."platforms.linux-x64-musl"]
checksum = "sha256:0dcd8ac79732c0d5b136f11f4ee00e581440e16a44eab5b3105b611bbf2cf191"
url = "https://github.com/sharkdp/bat/releases/download/v0.26.1/bat-v0.26.1-x86_64-unknown-linux-musl.tar.gz"
url_api = "https://api.github.com/repos/sharkdp/bat/releases/assets/323549429"

[tools.bat."platforms.macos-arm64"]
checksum = "sha256:e30beff26779c9bf60bb541e1d79046250cb74378f2757f8eb250afddb19e114"
url = "https://github.com/sharkdp/bat/releases/download/v0.26.1/bat-v0.26.1-aarch64-apple-darwin.tar.gz"
url_api = "https://api.github.com/repos/sharkdp/bat/releases/assets/323548442"

[tools.bat."platforms.macos-x64"]
checksum = "sha256:830d63b0bba1fa040542ec569e3cf77f60d3356b9de75116a344b061e0894245"
url = "https://github.com/sharkdp/bat/releases/download/v0.26.1/bat-v0.26.1-x86_64-apple-darwin.tar.gz"
url_api = "https://api.github.com/repos/sharkdp/bat/releases/assets/323549786"

[tools.bat."platforms.windows-x64"]
checksum = "sha256:0f729b4b6f5f28d395c641eacc2e9ff68d0096b85aa0eec344aa62425144b69b"
url = "https://github.com/sharkdp/bat/releases/download/v0.26.1/bat-v0.26.1-x86_64-pc-windows-msvc.zip"
url_api = "https://api.github.com/repos/sharkdp/bat/releases/assets/323549116"

[[tools.carapace]]
version = "1.7.3"
backend = "aqua:carapace-sh/carapace-bin"

[tools.carapace."platforms.linux-arm64"]
checksum = "sha256:b2456cb09d77004db87de2567d6d7588a61ceb4724522c463e2b1c1f87b4d4b9"
url = "https://github.com/carapace-sh/carapace-bin/releases/download/v1.7.3/carapace-bin_1.7.3_linux_arm64.tar.gz"
url_api = "https://api.github.com/repos/carapace-sh/carapace-bin/releases/assets/462542274"

[tools.carapace."platforms.linux-arm64-musl"]
checksum = "sha256:b2456cb09d77004db87de2567d6d7588a61ceb4724522c463e2b1c1f87b4d4b9"
url = "https://github.com/carapace-sh/carapace-bin/releases/download/v1.7.3/carapace-bin_1.7.3_linux_arm64.tar.gz"
url_api = "https://api.github.com/repos/carapace-sh/carapace-bin/releases/assets/462542274"

[tools.carapace."platforms.linux-x64"]
checksum = "sha256:35ab52bfe7bdd8296d90c3687660bde80497599badde840ab615d2f421f5f053"
url = "https://github.com/carapace-sh/carapace-bin/releases/download/v1.7.3/carapace-bin_1.7.3_linux_amd64.tar.gz"
url_api = "https://api.github.com/repos/carapace-sh/carapace-bin/releases/assets/462542251"

[tools.carapace."platforms.linux-x64-musl"]
checksum = "sha256:35ab52bfe7bdd8296d90c3687660bde80497599badde840ab615d2f421f5f053"
url = "https://github.com/carapace-sh/carapace-bin/releases/download/v1.7.3/carapace-bin_1.7.3_linux_amd64.tar.gz"
url_api = "https://api.github.com/repos/carapace-sh/carapace-bin/releases/assets/462542251"

[tools.carapace."platforms.macos-arm64"]
checksum = "sha256:a7e79d8787ffc63c26568e8d8256d12df91f5cda0d9dc83d50e90b8567028a9d"
url = "https://github.com/carapace-sh/carapace-bin/releases/download/v1.7.3/carapace-bin_1.7.3_darwin_arm64.tar.gz"
url_api = "https://api.github.com/repos/carapace-sh/carapace-bin/releases/assets/462542252"

[tools.carapace."platforms.macos-x64"]
checksum = "sha256:23649b6a52bd68d00e8b88e95afadac09e9450fa49b49a95fcabd81b387de4b6"
url = "https://github.com/carapace-sh/carapace-bin/releases/download/v1.7.3/carapace-bin_1.7.3_darwin_amd64.tar.gz"
url_api = "https://api.github.com/repos/carapace-sh/carapace-bin/releases/assets/462542248"

[tools.carapace."platforms.windows-x64"]
checksum = "sha256:c25e6f88bcb13ab44cb977db07f2b878bf140c397a3fd5582ce5bfb4d2143303"
url = "https://github.com/carapace-sh/carapace-bin/releases/download/v1.7.3/carapace-bin_1.7.3_windows_amd64.zip"
url_api = "https://api.github.com/repos/carapace-sh/carapace-bin/releases/assets/462542249"

[[tools.difftastic]]
version = "0.70.0"
backend = "aqua:Wilfred/difftastic"

[tools.difftastic."platforms.linux-arm64"]
checksum = "sha256:e729684907d67d1a1727a08f443877e19e40eeb2efebcd95c1b8f7fee4284e8e"
url = "https://github.com/Wilfred/difftastic/releases/download/0.70.0/difft-aarch64-unknown-linux-gnu.tar.gz"
url_api = "https://api.github.com/repos/Wilfred/difftastic/releases/assets/505662618"

[tools.difftastic."platforms.linux-x64"]
checksum = "sha256:16f65a74a3d64d0bb44d31223d56d0ccaa9ad148f520322450a0629ee21f205f"
url = "https://github.com/Wilfred/difftastic/releases/download/0.70.0/difft-x86_64-unknown-linux-musl.tar.gz"
url_api = "https://api.github.com/repos/Wilfred/difftastic/releases/assets/505662441"

[tools.difftastic."platforms.linux-x64-musl"]
checksum = "sha256:16f65a74a3d64d0bb44d31223d56d0ccaa9ad148f520322450a0629ee21f205f"
url = "https://github.com/Wilfred/difftastic/releases/download/0.70.0/difft-x86_64-unknown-linux-musl.tar.gz"
url_api = "https://api.github.com/repos/Wilfred/difftastic/releases/assets/505662441"

[tools.difftastic."platforms.macos-arm64"]
checksum = "sha256:1921267221fcb5779d30c4dcc0b3b4620abbe851ffd5596a4715576581518f51"
url = "https://github.com/Wilfred/difftastic/releases/download/0.70.0/difft-aarch64-apple-darwin.tar.gz"
url_api = "https://api.github.com/repos/Wilfred/difftastic/releases/assets/505661300"

[tools.difftastic."platforms.macos-x64"]
checksum = "sha256:c180541ef7963aad4f75d4ef99aed2bf7f5c132d25a3b8152b20309be1fba82f"
url = "https://github.com/Wilfred/difftastic/releases/download/0.70.0/difft-x86_64-apple-darwin.tar.gz"
url_api = "https://api.github.com/repos/Wilfred/difftastic/releases/assets/505661763"

[tools.difftastic."platforms.windows-x64"]
checksum = "sha256:b563ae76e22ce28c7080a8b628cfabf6fa86f9ee114a0f5697bc2ca26f9ce1d7"
url = "https://github.com/Wilfred/difftastic/releases/download/0.70.0/difft-x86_64-pc-windows-msvc.zip"
url_api = "https://api.github.com/repos/Wilfred/difftastic/releases/assets/505662406"

[[tools.eza]]
version = "0.23.5"
backend = "aqua:eza-community/eza"

[tools.eza."platforms.linux-arm64"]
checksum = "sha256:40b87ae8628aa2ff0f0d2dc24ab52f689631366385c3da630bae745671fd71ec"
url = "https://github.com/eza-community/eza/releases/download/v0.23.5/eza_aarch64-unknown-linux-gnu.tar.gz"
url_api = "https://api.github.com/repos/eza-community/eza/releases/assets/471228867"

[tools.eza."platforms.linux-x64"]
checksum = "sha256:e06eebab74b73d6b7d51a796a353824b001bea82df077706382e100815d28904"
url = "https://github.com/eza-community/eza/releases/download/v0.23.5/eza_x86_64-unknown-linux-musl.tar.gz"
url_api = "https://api.github.com/repos/eza-community/eza/releases/assets/471228890"

[tools.eza."platforms.linux-x64-musl"]
checksum = "sha256:e06eebab74b73d6b7d51a796a353824b001bea82df077706382e100815d28904"
url = "https://github.com/eza-community/eza/releases/download/v0.23.5/eza_x86_64-unknown-linux-musl.tar.gz"
url_api = "https://api.github.com/repos/eza-community/eza/releases/assets/471228890"

[tools.eza."platforms.windows-x64"]
checksum = "sha256:bbef561f5cfc8e778649b65e69c9c6e4c836c0fbe83ee3d0a5128091d797ed8a"
url = "https://github.com/eza-community/eza/releases/download/v0.23.5/eza.exe_x86_64-pc-windows-gnu.tar.gz"
url_api = "https://api.github.com/repos/eza-community/eza/releases/assets/471228877"

[[tools.fastfetch]]
version = "2.67.1"
backend = "aqua:fastfetch-cli/fastfetch"

[tools.fastfetch."platforms.linux-arm64"]
checksum = "sha256:b974b76e3d8df90311440a2250c83561aa0a863f129925285f2789d932b4cbaa"
url = "https://github.com/fastfetch-cli/fastfetch/releases/download/2.67.1/fastfetch-linux-aarch64.tar.gz"
url_api = "https://api.github.com/repos/fastfetch-cli/fastfetch/releases/assets/514064958"

[tools.fastfetch."platforms.linux-arm64-musl"]
checksum = "sha256:b974b76e3d8df90311440a2250c83561aa0a863f129925285f2789d932b4cbaa"
url = "https://github.com/fastfetch-cli/fastfetch/releases/download/2.67.1/fastfetch-linux-aarch64.tar.gz"
url_api = "https://api.github.com/repos/fastfetch-cli/fastfetch/releases/assets/514064958"

[tools.fastfetch."platforms.linux-x64"]
checksum = "sha256:adc8a9eb64eccef267e50bb1e6f9a767bb608da5ee4a3b652ef36a10d9105d4d"
url = "https://github.com/fastfetch-cli/fastfetch/releases/download/2.67.1/fastfetch-linux-amd64.tar.gz"
url_api = "https://api.github.com/repos/fastfetch-cli/fastfetch/releases/assets/514064883"

[tools.fastfetch."platforms.linux-x64-musl"]
checksum = "sha256:adc8a9eb64eccef267e50bb1e6f9a767bb608da5ee4a3b652ef36a10d9105d4d"
url = "https://github.com/fastfetch-cli/fastfetch/releases/download/2.67.1/fastfetch-linux-amd64.tar.gz"
url_api = "https://api.github.com/repos/fastfetch-cli/fastfetch/releases/assets/514064883"

[tools.fastfetch."platforms.macos-arm64"]
checksum = "sha256:4a9b6847ec600ee1adb222ec5e1df60bf0e43768f9a21fbf20b14eaef9fecb0b"
url = "https://github.com/fastfetch-cli/fastfetch/releases/download/2.67.1/fastfetch-macos-aarch64.tar.gz"
url_api = "https://api.github.com/repos/fastfetch-cli/fastfetch/releases/assets/514064584"

[tools.fastfetch."platforms.macos-x64"]
checksum = "sha256:c114d6c2fe8d0d2de0a896e5bb397004785599b3df4ed368ea16c125e3c6db79"
url = "https://github.com/fastfetch-cli/fastfetch/releases/download/2.67.1/fastfetch-macos-amd64.tar.gz"
url_api = "https://api.github.com/repos/fastfetch-cli/fastfetch/releases/assets/514064559"

[tools.fastfetch."platforms.windows-x64"]
checksum = "sha256:19aeb34e4bb5b19f09236afbb6fb617241828cd94d967e7108c5eb3471cd26d8"
url = "https://github.com/fastfetch-cli/fastfetch/releases/download/2.67.1/fastfetch-windows-amd64.zip"
url_api = "https://api.github.com/repos/fastfetch-cli/fastfetch/releases/assets/514064396"

[[tools.fd]]
version = "10.4.2"
backend = "aqua:sharkdp/fd"

[tools.fd."platforms.linux-arm64"]
checksum = "sha256:f32d3657473fba74e2600babc8db0b93420d51169223b7e8143b2ed55d8fd9e8"
url = "https://github.com/sharkdp/fd/releases/download/v10.4.2/fd-v10.4.2-aarch64-unknown-linux-musl.tar.gz"
url_api = "https://api.github.com/repos/sharkdp/fd/releases/assets/370662859"

[tools.fd."platforms.linux-arm64-musl"]
checksum = "sha256:f32d3657473fba74e2600babc8db0b93420d51169223b7e8143b2ed55d8fd9e8"
url = "https://github.com/sharkdp/fd/releases/download/v10.4.2/fd-v10.4.2-aarch64-unknown-linux-musl.tar.gz"
url_api = "https://api.github.com/repos/sharkdp/fd/releases/assets/370662859"

[tools.fd."platforms.linux-x64"]
checksum = "sha256:e3257d48e29a6be965187dbd24ce9af564e0fe67b3e73c9bdcd180f4ec11bdde"
url = "https://github.com/sharkdp/fd/releases/download/v10.4.2/fd-v10.4.2-x86_64-unknown-linux-musl.tar.gz"
url_api = "https://api.github.com/repos/sharkdp/fd/releases/assets/370662855"

[tools.fd."platforms.linux-x64-musl"]
checksum = "sha256:e3257d48e29a6be965187dbd24ce9af564e0fe67b3e73c9bdcd180f4ec11bdde"
url = "https://github.com/sharkdp/fd/releases/download/v10.4.2/fd-v10.4.2-x86_64-unknown-linux-musl.tar.gz"
url_api = "https://api.github.com/repos/sharkdp/fd/releases/assets/370662855"

[tools.fd."platforms.macos-arm64"]
checksum = "sha256:623dc0afc81b92e4d4606b380d7bc91916ba7b97814263e554d50923a39e480a"
url = "https://github.com/sharkdp/fd/releases/download/v10.4.2/fd-v10.4.2-aarch64-apple-darwin.tar.gz"
url_api = "https://api.github.com/repos/sharkdp/fd/releases/assets/370661116"

[tools.fd."platforms.windows-x64"]
checksum = "sha256:b2816e506390a89941c63c9187d58a3cc10e9a55f2ef0685f9ea0eccaf7c98c8"
url = "https://github.com/sharkdp/fd/releases/download/v10.4.2/fd-v10.4.2-x86_64-pc-windows-msvc.zip"
url_api = "https://api.github.com/repos/sharkdp/fd/releases/assets/370661516"

[[tools.fzf]]
version = "0.74.2"
backend = "aqua:junegunn/fzf"

[tools.fzf."platforms.linux-arm64"]
checksum = "sha256:1373e3f5ed3c468179d4529942ddd96c234bcad1bcacaf238916e26a5234b5b2"
url = "https://github.com/junegunn/fzf/releases/download/v0.74.2/fzf-0.74.2-linux_arm64.tar.gz"
url_api = "https://api.github.com/repos/junegunn/fzf/releases/assets/497342620"

[tools.fzf."platforms.linux-arm64-musl"]
checksum = "sha256:1373e3f5ed3c468179d4529942ddd96c234bcad1bcacaf238916e26a5234b5b2"
url = "https://github.com/junegunn/fzf/releases/download/v0.74.2/fzf-0.74.2-linux_arm64.tar.gz"
url_api = "https://api.github.com/repos/junegunn/fzf/releases/assets/497342620"

[tools.fzf."platforms.linux-x64"]
checksum = "sha256:b3648f48675612b69ee35371cf6dc99ca96d767e89b912d079080916ac8ba8bd"
url = "https://github.com/junegunn/fzf/releases/download/v0.74.2/fzf-0.74.2-linux_amd64.tar.gz"
url_api = "https://api.github.com/repos/junegunn/fzf/releases/assets/497342478"

[tools.fzf."platforms.linux-x64-musl"]
checksum = "sha256:b3648f48675612b69ee35371cf6dc99ca96d767e89b912d079080916ac8ba8bd"
url = "https://github.com/junegunn/fzf/releases/download/v0.74.2/fzf-0.74.2-linux_amd64.tar.gz"
url_api = "https://api.github.com/repos/junegunn/fzf/releases/assets/497342478"

[tools.fzf."platforms.macos-arm64"]
checksum = "sha256:d60ddb36356566ac69bae7c3504e888916cf747c9ad2132141c09229b1e28dee"
url = "https://github.com/junegunn/fzf/releases/download/v0.74.2/fzf-0.74.2-darwin_arm64.tar.gz"
url_api = "https://api.github.com/repos/junegunn/fzf/releases/assets/497342630"

[tools.fzf."platforms.macos-x64"]
checksum = "sha256:b019ae8bcca33945a2ffbbbf8369705405cd1406fc4d74267e712797010e3676"
url = "https://github.com/junegunn/fzf/releases/download/v0.74.2/fzf-0.74.2-darwin_amd64.tar.gz"
url_api = "https://api.github.com/repos/junegunn/fzf/releases/assets/497342631"

[tools.fzf."platforms.windows-x64"]
checksum = "sha256:a5a3b27dd203469139d10669721952335b9b46f19346e3d1abc102a67ea60804"
url = "https://github.com/junegunn/fzf/releases/download/v0.74.2/fzf-0.74.2-windows_amd64.zip"
url_api = "https://api.github.com/repos/junegunn/fzf/releases/assets/497342617"

[[tools.gum]]
version = "0.17.0"
backend = "aqua:charmbracelet/gum"

[tools.gum."platforms.linux-arm64"]
checksum = "sha256:b0b9ed95cbf7c8b7073f17b9591811f5c001e33c7cfd066ca83ce8a07c576f9c"
url = "https://github.com/charmbracelet/gum/releases/download/v0.17.0/gum_0.17.0_Linux_arm64.tar.gz"
url_api = "https://api.github.com/repos/charmbracelet/gum/releases/assets/290080957"

[tools.gum."platforms.linux-arm64-musl"]
checksum = "sha256:b0b9ed95cbf7c8b7073f17b9591811f5c001e33c7cfd066ca83ce8a07c576f9c"
url = "https://github.com/charmbracelet/gum/releases/download/v0.17.0/gum_0.17.0_Linux_arm64.tar.gz"
url_api = "https://api.github.com/repos/charmbracelet/gum/releases/assets/290080957"

[tools.gum."platforms.linux-x64"]
checksum = "sha256:69ee169bd6387331928864e94d47ed01ef649fbfe875baed1bbf27b5377a6fdb"
url = "https://github.com/charmbracelet/gum/releases/download/v0.17.0/gum_0.17.0_Linux_x86_64.tar.gz"
url_api = "https://api.github.com/repos/charmbracelet/gum/releases/assets/290080949"

[tools.gum."platforms.linux-x64-musl"]
checksum = "sha256:69ee169bd6387331928864e94d47ed01ef649fbfe875baed1bbf27b5377a6fdb"
url = "https://github.com/charmbracelet/gum/releases/download/v0.17.0/gum_0.17.0_Linux_x86_64.tar.gz"
url_api = "https://api.github.com/repos/charmbracelet/gum/releases/assets/290080949"

[tools.gum."platforms.macos-arm64"]
checksum = "sha256:e2a4b8596efa05821d8c58d0c1afbcd7ad1699ba69c689cc3ff23a4a99c8b237"
url = "https://github.com/charmbracelet/gum/releases/download/v0.17.0/gum_0.17.0_Darwin_arm64.tar.gz"
url_api = "https://api.github.com/repos/charmbracelet/gum/releases/assets/290080948"

[tools.gum."platforms.macos-x64"]
checksum = "sha256:cd66576aeebe6cd19c771863c7e8d696e0e1d5387d1e7075666baa67c2052e53"
url = "https://github.com/charmbracelet/gum/releases/download/v0.17.0/gum_0.17.0_Darwin_x86_64.tar.gz"
url_api = "https://api.github.com/repos/charmbracelet/gum/releases/assets/290080970"

[tools.gum."platforms.windows-x64"]
checksum = "sha256:b2be80531c6babc8d4e0e6ca95773d58118a2e1582ae006aace08dbc55503072"
url = "https://github.com/charmbracelet/gum/releases/download/v0.17.0/gum_0.17.0_Windows_x86_64.zip"
url_api = "https://api.github.com/repos/charmbracelet/gum/releases/assets/290080922"

[[tools.jj]]
version = "0.44.0"
backend = "aqua:jj-vcs/jj"

[tools.jj."platforms.linux-arm64"]
checksum = "sha256:60d42fa2a9abaa445eff10cd2087458562aaad5a54b90309e5a3787ecc985ff2"
url = "https://github.com/jj-vcs/jj/releases/download/v0.44.0/jj-v0.44.0-aarch64-unknown-linux-musl.tar.gz"
url_api = "https://api.github.com/repos/jj-vcs/jj/releases/assets/503321893"

[tools.jj."platforms.linux-arm64-musl"]
checksum = "sha256:60d42fa2a9abaa445eff10cd2087458562aaad5a54b90309e5a3787ecc985ff2"
url = "https://github.com/jj-vcs/jj/releases/download/v0.44.0/jj-v0.44.0-aarch64-unknown-linux-musl.tar.gz"
url_api = "https://api.github.com/repos/jj-vcs/jj/releases/assets/503321893"

[tools.jj."platforms.linux-x64"]
checksum = "sha256:0a07bab4641a55fd2bc2fd1563ba3a3f9a577584086ad74086a1c5b69b3ffce9"
url = "https://github.com/jj-vcs/jj/releases/download/v0.44.0/jj-v0.44.0-x86_64-unknown-linux-musl.tar.gz"
url_api = "https://api.github.com/repos/jj-vcs/jj/releases/assets/503322619"

[tools.jj."platforms.linux-x64-musl"]
checksum = "sha256:0a07bab4641a55fd2bc2fd1563ba3a3f9a577584086ad74086a1c5b69b3ffce9"
url = "https://github.com/jj-vcs/jj/releases/download/v0.44.0/jj-v0.44.0-x86_64-unknown-linux-musl.tar.gz"
url_api = "https://api.github.com/repos/jj-vcs/jj/releases/assets/503322619"

[tools.jj."platforms.macos-arm64"]
checksum = "sha256:22b92ed109378a9638f0ae55ca7a7bdc9ef26aa60124215a1f04f6808623ba94"
url = "https://github.com/jj-vcs/jj/releases/download/v0.44.0/jj-v0.44.0-aarch64-apple-darwin.tar.gz"
url_api = "https://api.github.com/repos/jj-vcs/jj/releases/assets/503324615"

[tools.jj."platforms.macos-x64"]
checksum = "sha256:aaec25cbe08e52ba98db0773369c76f248d3a77578e2d4b7b4079aa335ef02a3"
url = "https://github.com/jj-vcs/jj/releases/download/v0.44.0/jj-v0.44.0-x86_64-apple-darwin.tar.gz"
url_api = "https://api.github.com/repos/jj-vcs/jj/releases/assets/503324834"

[tools.jj."platforms.windows-x64"]
checksum = "sha256:a33732415db40e84f43c911b04751cf88aa2c7a5d12ea86bec3ac18f23f463fd"
url = "https://github.com/jj-vcs/jj/releases/download/v0.44.0/jj-v0.44.0-x86_64-pc-windows-msvc.zip"
url_api = "https://api.github.com/repos/jj-vcs/jj/releases/assets/503327752"

[[tools.mammouth]]
version = "1.17.11.2"
backend = "github:mammouth-ai/code"

[tools.mammouth.options]
matching = "mammouth"

[tools.mammouth."platforms.linux-arm64"]
checksum = "sha256:2b93ca59bfe6bdf37a46b56799579c981b6b2372c72154add0aec55a68d71344"
url = "https://github.com/mammouth-ai/code/releases/download/v1.17.11.2/mammouth-linux-arm64.tar.gz"
url_api = "https://api.github.com/repos/mammouth-ai/code/releases/assets/484646866"

[tools.mammouth."platforms.linux-arm64-musl"]
checksum = "sha256:1d48bd8686f7c5b258b8b61c61040ccb0d319b8cf53a5aee99314bc1a5aa8c26"
url = "https://github.com/mammouth-ai/code/releases/download/v1.17.11.2/mammouth-linux-arm64-musl.tar.gz"
url_api = "https://api.github.com/repos/mammouth-ai/code/releases/assets/484646862"

[tools.mammouth."platforms.linux-x64"]
checksum = "sha256:42400c333c162f7b694eb725220404f645311013470674e2031e77f630f4931f"
url = "https://github.com/mammouth-ai/code/releases/download/v1.17.11.2/mammouth-linux-x64.tar.gz"
url_api = "https://api.github.com/repos/mammouth-ai/code/releases/assets/484646855"

[tools.mammouth."platforms.linux-x64-musl"]
checksum = "sha256:6f2b0f84d29eea96e2dcb57cf31024e4d37e84a6748c1d55001638ad6003627d"
url = "https://github.com/mammouth-ai/code/releases/download/v1.17.11.2/mammouth-linux-x64-musl.tar.gz"
url_api = "https://api.github.com/repos/mammouth-ai/code/releases/assets/484646860"

[tools.mammouth."platforms.macos-arm64"]
checksum = "sha256:cfb0f163b8d984f1c15e5bc898de6b2452c57eea17bae4184606397ae3bc83dd"
url = "https://github.com/mammouth-ai/code/releases/download/v1.17.11.2/mammouth-darwin-arm64.tar.gz"
url_api = "https://api.github.com/repos/mammouth-ai/code/releases/assets/484646861"

[tools.mammouth."platforms.macos-x64"]
checksum = "sha256:a43995ee2e50cb250b0e20c3ad31aa48f43adb67c5c3479c549f3b1c44d47573"
url = "https://github.com/mammouth-ai/code/releases/download/v1.17.11.2/mammouth-darwin-x64.tar.gz"
url_api = "https://api.github.com/repos/mammouth-ai/code/releases/assets/484646854"

[tools.mammouth."platforms.windows-x64"]
checksum = "sha256:bc8f66d2731cd3d094e07997a566c6bdba265ebd8b89787e936e5d03913a3dce"
url = "https://github.com/mammouth-ai/code/releases/download/v1.17.11.2/mammouth-windows-x64.zip"
url_api = "https://api.github.com/repos/mammouth-ai/code/releases/assets/484646859"

[[tools.neovim]]
version = "0.12.4"
backend = "vfox:mise-plugins/vfox-neovim"

[tools.neovim."platforms.linux-arm64"]
url = "https://github.com/neovim/neovim/releases/download/v0.12.4/nvim-linux-arm64.tar.gz"

[tools.neovim."platforms.linux-arm64-musl"]
url = "https://github.com/neovim/neovim/releases/download/v0.12.4/nvim-linux-arm64.tar.gz"

[tools.neovim."platforms.linux-x64"]
url = "https://github.com/neovim/neovim/releases/download/v0.12.4/nvim-linux-x86_64.tar.gz"

[tools.neovim."platforms.linux-x64-musl"]
url = "https://github.com/neovim/neovim/releases/download/v0.12.4/nvim-linux-x86_64.tar.gz"

[tools.neovim."platforms.macos-arm64"]
url = "https://github.com/neovim/neovim/releases/download/v0.12.4/nvim-macos-arm64.tar.gz"

[tools.neovim."platforms.macos-x64"]
url = "https://github.com/neovim/neovim/releases/download/v0.12.4/nvim-macos-x86_64.tar.gz"

[tools.neovim."platforms.windows-x64"]
url = "https://github.com/neovim/neovim/releases/download/v0.12.4/nvim-win64.zip"

[[tools.opencode]]
version = "1.18.18"
backend = "aqua:anomalyco/opencode"

[tools.opencode."platforms.linux-arm64"]
checksum = "sha256:dcb1b5ec5687b43f87749560021f9203f3809e0ce5ae44ff9be8ae17083fe4ba"
url = "https://github.com/anomalyco/opencode/releases/download/v1.18.18/opencode-linux-arm64.tar.gz"
url_api = "https://api.github.com/repos/anomalyco/opencode/releases/assets/512198871"

[tools.opencode."platforms.linux-arm64-musl"]
checksum = "sha256:38a7504dab35007c70d2cdf89870b4be63faa60667318a90338798d34f53eab1"
url = "https://github.com/anomalyco/opencode/releases/download/v1.18.18/opencode-linux-arm64-musl.tar.gz"
url_api = "https://api.github.com/repos/anomalyco/opencode/releases/assets/512198930"

[tools.opencode."platforms.linux-x64"]
checksum = "sha256:0cddc222418b8553669905a8980c0cda7088f00da24d83d6ac76b01c9fdb2aaf"
url = "https://github.com/anomalyco/opencode/releases/download/v1.18.18/opencode-linux-x64.tar.gz"
url_api = "https://api.github.com/repos/anomalyco/opencode/releases/assets/512198862"

[tools.opencode."platforms.linux-x64-musl"]
checksum = "sha256:60279c62d2182aa4279cea4d5a84d23437f8074042cbbed4a2bfa70e5acbd193"
url = "https://github.com/anomalyco/opencode/releases/download/v1.18.18/opencode-linux-x64-musl.tar.gz"
url_api = "https://api.github.com/repos/anomalyco/opencode/releases/assets/512198876"

[tools.opencode."platforms.macos-arm64"]
checksum = "sha256:7d668bf26496fec8686d4e51ebb1ac2bd2e393f0c1620aa696c4c242a9e5806a"
url = "https://github.com/anomalyco/opencode/releases/download/v1.18.18/opencode-darwin-arm64.zip"
url_api = "https://api.github.com/repos/anomalyco/opencode/releases/assets/512198799"

[tools.opencode."platforms.macos-x64"]
checksum = "sha256:9581bd7683a7528456179fb11e3377d9ef568e10a935611a2c6722e349454d83"
url = "https://github.com/anomalyco/opencode/releases/download/v1.18.18/opencode-darwin-x64.zip"
url_api = "https://api.github.com/repos/anomalyco/opencode/releases/assets/512198795"

[tools.opencode."platforms.windows-x64"]
checksum = "sha256:c6d265376fdb93164013671b0cf402410184f73c34fc15d82d40a16a745b15f4"
url = "https://github.com/anomalyco/opencode/releases/download/v1.18.18/opencode-windows-x64.zip"
url_api = "https://api.github.com/repos/anomalyco/opencode/releases/assets/512201969"

[[tools.pi]]
version = "0.84.2"
backend = "aqua:earendil-works/pi"

[tools.pi."platforms.linux-arm64"]
checksum = "sha256:d15372da9e4b4c5fef9fd15bed76d7f5f1720dd39fe7cde0ec62e5b65ad63ef1"
url = "https://github.com/earendil-works/pi/releases/download/v0.84.2/pi-linux-arm64.tar.gz"
url_api = "https://api.github.com/repos/earendil-works/pi/releases/assets/514255761"

[tools.pi."platforms.linux-arm64-musl"]
checksum = "sha256:d15372da9e4b4c5fef9fd15bed76d7f5f1720dd39fe7cde0ec62e5b65ad63ef1"
url = "https://github.com/earendil-works/pi/releases/download/v0.84.2/pi-linux-arm64.tar.gz"
url_api = "https://api.github.com/repos/earendil-works/pi/releases/assets/514255761"

[tools.pi."platforms.linux-x64"]
checksum = "sha256:906fbe787fd225c4ac624fe7ebd5b1d55a60e0f5c7ef51795d231564f9ee1c13"
url = "https://github.com/earendil-works/pi/releases/download/v0.84.2/pi-linux-x64.tar.gz"
url_api = "https://api.github.com/repos/earendil-works/pi/releases/assets/514255760"

[tools.pi."platforms.linux-x64-musl"]
checksum = "sha256:906fbe787fd225c4ac624fe7ebd5b1d55a60e0f5c7ef51795d231564f9ee1c13"
url = "https://github.com/earendil-works/pi/releases/download/v0.84.2/pi-linux-x64.tar.gz"
url_api = "https://api.github.com/repos/earendil-works/pi/releases/assets/514255760"

[tools.pi."platforms.macos-arm64"]
checksum = "sha256:c996e888b7f7dce44bcf24f69176ac646c44139d3916bd49a6b28e5a8c5e3a65"
url = "https://github.com/earendil-works/pi/releases/download/v0.84.2/pi-darwin-arm64.tar.gz"
url_api = "https://api.github.com/repos/earendil-works/pi/releases/assets/514255762"

[tools.pi."platforms.macos-x64"]
checksum = "sha256:808cf02a93cd601d3ea05d47dc15c45074b120ac81decc8644cd3e40a35824e6"
url = "https://github.com/earendil-works/pi/releases/download/v0.84.2/pi-darwin-x64.tar.gz"
url_api = "https://api.github.com/repos/earendil-works/pi/releases/assets/514255759"

[tools.pi."platforms.windows-x64"]
checksum = "sha256:741fc1ae1afecb573ac2888e011188ff446b3940f4aabe1583f60bf55be8a3d0"
url = "https://github.com/earendil-works/pi/releases/download/v0.84.2/pi-windows-x64.zip"
url_api = "https://api.github.com/repos/earendil-works/pi/releases/assets/514255777"

[[tools.powershell]]
version = "7.6.5"
backend = "aqua:PowerShell/PowerShell"

[tools.powershell."platforms.linux-arm64"]
checksum = "sha256:ed4084f215d8bce2edd23aa7cb1f1e7b0818e41363a635a22065d2701b6141df"
url = "https://github.com/PowerShell/PowerShell/releases/download/v7.6.5/powershell-7.6.5-linux-arm64.tar.gz"
url_api = "https://api.github.com/repos/PowerShell/PowerShell/releases/assets/514627292"

[tools.powershell."platforms.linux-arm64-musl"]
checksum = "sha256:ed4084f215d8bce2edd23aa7cb1f1e7b0818e41363a635a22065d2701b6141df"
url = "https://github.com/PowerShell/PowerShell/releases/download/v7.6.5/powershell-7.6.5-linux-arm64.tar.gz"
url_api = "https://api.github.com/repos/PowerShell/PowerShell/releases/assets/514627292"

[tools.powershell."platforms.linux-x64"]
checksum = "sha256:b34ab3b19acac1d3d4d0d3cfdb02acf62f457b0b6a962ff008132033f7566844"
url = "https://github.com/PowerShell/PowerShell/releases/download/v7.6.5/powershell-7.6.5-linux-x64.tar.gz"
url_api = "https://api.github.com/repos/PowerShell/PowerShell/releases/assets/514627464"

[tools.powershell."platforms.linux-x64-musl"]
checksum = "sha256:59b386d637fa98e6374bbe5e499120110703cc6252f78d28b0ecf93fda49e15a"
url = "https://github.com/PowerShell/PowerShell/releases/download/v7.6.5/powershell-7.6.5-linux-musl-x64.tar.gz"
url_api = "https://api.github.com/repos/PowerShell/PowerShell/releases/assets/514627339"

[tools.powershell."platforms.macos-arm64"]
checksum = "sha256:8196d4b4e7c21b7f6df9d45687bb4e42dc8335f330b580d9eb15f3ef5042a8c3"
url = "https://github.com/PowerShell/PowerShell/releases/download/v7.6.5/powershell-7.6.5-osx-arm64.tar.gz"
url_api = "https://api.github.com/repos/PowerShell/PowerShell/releases/assets/514627561"

[tools.powershell."platforms.macos-x64"]
checksum = "sha256:3db1d177ab39511c1b6b73b05a1630a5db4e8dce22857ca76f14c5d98f2733fd"
url = "https://github.com/PowerShell/PowerShell/releases/download/v7.6.5/powershell-7.6.5-osx-x64.tar.gz"
url_api = "https://api.github.com/repos/PowerShell/PowerShell/releases/assets/514627695"

[tools.powershell."platforms.windows-x64"]
checksum = "sha256:32eb8f6cdce08f86e987d625a2733e54ac3e289ae7e1621b14c0b5bcec2434ea"
url = "https://github.com/PowerShell/PowerShell/releases/download/v7.6.5/PowerShell-7.6.5-win-x64.zip"
url_api = "https://api.github.com/repos/PowerShell/PowerShell/releases/assets/514628305"

[[tools.ripgrep]]
version = "15.2.0"
backend = "aqua:BurntSushi/ripgrep"

[tools.ripgrep."platforms.linux-arm64"]
checksum = "sha256:a740b91c82eaf9914cfedd353572f2791cbe0162c84101ee0951058f4dcbc90d"
url = "https://github.com/BurntSushi/ripgrep/releases/download/15.2.0/ripgrep-15.2.0-aarch64-unknown-linux-gnu.tar.gz"
url_api = "https://api.github.com/repos/BurntSushi/ripgrep/releases/assets/478119579"

[tools.ripgrep."platforms.linux-arm64-musl"]
checksum = "sha256:800b1e7206afe799dfb5a6901f23147cfaabe0e52210538100f61e86e1740915"
url = "https://github.com/BurntSushi/ripgrep/releases/download/15.2.0/ripgrep-15.2.0-aarch64-unknown-linux-musl.tar.gz"
url_api = "https://api.github.com/repos/BurntSushi/ripgrep/releases/assets/478120060"

[tools.ripgrep."platforms.linux-x64"]
checksum = "sha256:33e15bcf1624b25cdd2a55813a47a2f95dbe126268203e76aa6a585d1e7b149c"
url = "https://github.com/BurntSushi/ripgrep/releases/download/15.2.0/ripgrep-15.2.0-x86_64-unknown-linux-musl.tar.gz"
url_api = "https://api.github.com/repos/BurntSushi/ripgrep/releases/assets/478120097"

[tools.ripgrep."platforms.linux-x64-musl"]
checksum = "sha256:33e15bcf1624b25cdd2a55813a47a2f95dbe126268203e76aa6a585d1e7b149c"
url = "https://github.com/BurntSushi/ripgrep/releases/download/15.2.0/ripgrep-15.2.0-x86_64-unknown-linux-musl.tar.gz"
url_api = "https://api.github.com/repos/BurntSushi/ripgrep/releases/assets/478120097"

[tools.ripgrep."platforms.macos-arm64"]
checksum = "sha256:3750b2e93f37e0c692657da574d7019a101c0084da05a790c83fd335bad973e4"
url = "https://github.com/BurntSushi/ripgrep/releases/download/15.2.0/ripgrep-15.2.0-aarch64-apple-darwin.tar.gz"
url_api = "https://api.github.com/repos/BurntSushi/ripgrep/releases/assets/478118851"

[tools.ripgrep."platforms.macos-x64"]
checksum = "sha256:af7825fcc69a2afc7a7aea55fc9af90e26421d8f20fe59df32e233c0b8a231c1"
url = "https://github.com/BurntSushi/ripgrep/releases/download/15.2.0/ripgrep-15.2.0-x86_64-apple-darwin.tar.gz"
url_api = "https://api.github.com/repos/BurntSushi/ripgrep/releases/assets/478119585"

[tools.ripgrep."platforms.windows-x64"]
checksum = "sha256:71b2fef860abe467217a538ff31de02f5258807c0129f771846f87bd029aafc5"
url = "https://github.com/BurntSushi/ripgrep/releases/download/15.2.0/ripgrep-15.2.0-x86_64-pc-windows-msvc.zip"
url_api = "https://api.github.com/repos/BurntSushi/ripgrep/releases/assets/478119643"

[[tools.starship]]
version = "1.26.0"
backend = "aqua:starship/starship"

[tools.starship."platforms.linux-arm64"]
checksum = "sha256:dc30189378d2f2e287384e8a692d3f95ad1df64cf0e8c36aa9201516028aed6b"
url = "https://github.com/starship/starship/releases/download/v1.26.0/starship-aarch64-unknown-linux-musl.tar.gz"
url_api = "https://api.github.com/repos/starship/starship/releases/assets/460374586"

[tools.starship."platforms.linux-arm64-musl"]
checksum = "sha256:dc30189378d2f2e287384e8a692d3f95ad1df64cf0e8c36aa9201516028aed6b"
url = "https://github.com/starship/starship/releases/download/v1.26.0/starship-aarch64-unknown-linux-musl.tar.gz"
url_api = "https://api.github.com/repos/starship/starship/releases/assets/460374586"

[tools.starship."platforms.linux-x64"]
checksum = "sha256:b7c232b0e8249d8e55a40beb79c5c43a7d370f3f9408bd215deb0170daeaadf3"
url = "https://github.com/starship/starship/releases/download/v1.26.0/starship-x86_64-unknown-linux-musl.tar.gz"
url_api = "https://api.github.com/repos/starship/starship/releases/assets/460374630"

[tools.starship."platforms.linux-x64-musl"]
checksum = "sha256:b7c232b0e8249d8e55a40beb79c5c43a7d370f3f9408bd215deb0170daeaadf3"
url = "https://github.com/starship/starship/releases/download/v1.26.0/starship-x86_64-unknown-linux-musl.tar.gz"
url_api = "https://api.github.com/repos/starship/starship/releases/assets/460374630"

[tools.starship."platforms.macos-arm64"]
checksum = "sha256:c40b27b11f580411e068f2fa6c1be7830a387c0bc47a94d1d37f32b054c5361d"
url = "https://github.com/starship/starship/releases/download/v1.26.0/starship-aarch64-apple-darwin.tar.gz"
url_api = "https://api.github.com/repos/starship/starship/releases/assets/460374577"

[tools.starship."platforms.macos-x64"]
checksum = "sha256:5548f406a4b6f5695903bdea83f77ce47ec12c8c0e62dabd33122d8f133e4207"
url = "https://github.com/starship/starship/releases/download/v1.26.0/starship-x86_64-apple-darwin.tar.gz"
url_api = "https://api.github.com/repos/starship/starship/releases/assets/460374608"

[tools.starship."platforms.windows-x64"]
checksum = "sha256:690021e22f2bf2c57d5867dc0fababe5e55e714c26942bd909ffddb6c5df42f2"
url = "https://github.com/starship/starship/releases/download/v1.26.0/starship-x86_64-pc-windows-msvc.zip"
url_api = "https://api.github.com/repos/starship/starship/releases/assets/460374615"

[[tools.vivid]]
version = "0.11.1"
backend = "aqua:sharkdp/vivid"

[tools.vivid."platforms.linux-arm64"]
checksum = "sha256:99bf6438b3403bc9255a83363fe5ed49a0f8bd86377a561420836af14dc8e9ee"
url = "https://github.com/sharkdp/vivid/releases/download/v0.11.1/vivid-v0.11.1-aarch64-unknown-linux-gnu.tar.gz"
url_api = "https://api.github.com/repos/sharkdp/vivid/releases/assets/392656126"

[tools.vivid."platforms.linux-x64"]
checksum = "sha256:f1a80a39c75ceae43c4187f302e66c0a45d941ed1479456a0d5ddef665663181"
url = "https://github.com/sharkdp/vivid/releases/download/v0.11.1/vivid-v0.11.1-x86_64-unknown-linux-musl.tar.gz"
url_api = "https://api.github.com/repos/sharkdp/vivid/releases/assets/392656024"

[tools.vivid."platforms.linux-x64-musl"]
checksum = "sha256:f1a80a39c75ceae43c4187f302e66c0a45d941ed1479456a0d5ddef665663181"
url = "https://github.com/sharkdp/vivid/releases/download/v0.11.1/vivid-v0.11.1-x86_64-unknown-linux-musl.tar.gz"
url_api = "https://api.github.com/repos/sharkdp/vivid/releases/assets/392656024"

[tools.vivid."platforms.macos-arm64"]
checksum = "sha256:82b23caf7c2fd0adeead0df197c76d5d997c57887a6265e7e63e729daec18570"
url = "https://github.com/sharkdp/vivid/releases/download/v0.11.1/vivid-v0.11.1-aarch64-apple-darwin.tar.gz"
url_api = "https://api.github.com/repos/sharkdp/vivid/releases/assets/392655755"

[tools.vivid."platforms.macos-x64"]
checksum = "sha256:b10548ea09e54d3015fb348466d0c33356106e52e8848545dc5b40fbe57b5547"
url = "https://github.com/sharkdp/vivid/releases/download/v0.11.1/vivid-v0.11.1-x86_64-apple-darwin.tar.gz"
url_api = "https://api.github.com/repos/sharkdp/vivid/releases/assets/392655819"

[tools.vivid."platforms.windows-x64"]
checksum = "sha256:2bc2700c9cae57c43c6abbb1063e755977972b81e8eb34f266750aabd02a9cf1"
url = "https://github.com/sharkdp/vivid/releases/download/v0.11.1/vivid-v0.11.1-x86_64-pc-windows-msvc.zip"
url_api = "https://api.github.com/repos/sharkdp/vivid/releases/assets/392656693"

[[tools.yazi]]
version = "26.8.15"
backend = "aqua:sxyazi/yazi"

[tools.yazi."platforms.linux-arm64"]
checksum = "sha256:dfaafadd3a80a18ccbd24c32be4888178202ea96f784a9b1021d526c908cab4b"
url = "https://github.com/sxyazi/yazi/releases/download/v26.8.15/yazi-aarch64-unknown-linux-musl.zip"
url_api = "https://api.github.com/repos/sxyazi/yazi/releases/assets/515472937"

[tools.yazi."platforms.linux-arm64-musl"]
checksum = "sha256:dfaafadd3a80a18ccbd24c32be4888178202ea96f784a9b1021d526c908cab4b"
url = "https://github.com/sxyazi/yazi/releases/download/v26.8.15/yazi-aarch64-unknown-linux-musl.zip"
url_api = "https://api.github.com/repos/sxyazi/yazi/releases/assets/515472937"

[tools.yazi."platforms.linux-x64"]
checksum = "sha256:a6702034790afcdbb546b73b288c9b184a751fa3f2f17f0ad4d26fc302fb8d45"
url = "https://github.com/sxyazi/yazi/releases/download/v26.8.15/yazi-x86_64-unknown-linux-musl.zip"
url_api = "https://api.github.com/repos/sxyazi/yazi/releases/assets/515472939"

[tools.yazi."platforms.linux-x64-musl"]
checksum = "sha256:a6702034790afcdbb546b73b288c9b184a751fa3f2f17f0ad4d26fc302fb8d45"
url = "https://github.com/sxyazi/yazi/releases/download/v26.8.15/yazi-x86_64-unknown-linux-musl.zip"
url_api = "https://api.github.com/repos/sxyazi/yazi/releases/assets/515472939"

[tools.yazi."platforms.macos-arm64"]
checksum = "sha256:3f54907ea08abe96506f4b22239340ed8923a6aeaeae78f33d59bce57daca4cd"
url = "https://github.com/sxyazi/yazi/releases/download/v26.8.15/yazi-aarch64-apple-darwin.zip"
url_api = "https://api.github.com/repos/sxyazi/yazi/releases/assets/515472942"

[tools.yazi."platforms.macos-x64"]
checksum = "sha256:70bb2bcf57d8af862a54e2d12f2fddceefb9aa4ba3783e9a4dcbf2a8e64aacb3"
url = "https://github.com/sxyazi/yazi/releases/download/v26.8.15/yazi-x86_64-apple-darwin.zip"
url_api = "https://api.github.com/repos/sxyazi/yazi/releases/assets/515472934"

[tools.yazi."platforms.windows-x64"]
checksum = "sha256:451f6770999fa8f9b08e6c9f94a688c263b6d3007b0944c4407f1ae335eace30"
url = "https://github.com/sxyazi/yazi/releases/download/v26.8.15/yazi-x86_64-pc-windows-msvc.zip"
url_api = "https://api.github.com/repos/sxyazi/yazi/releases/assets/515472935"

[[tools.zoxide]]
version = "0.10.0"
backend = "aqua:ajeetdsouza/zoxide"

[tools.zoxide."platforms.linux-arm64"]
checksum = "sha256:f1f16c5d6298d63dee467eedea1cdcd8490e43e493bea43acd416dc9033ef641"
url = "https://github.com/ajeetdsouza/zoxide/releases/download/v0.10.0/zoxide-0.10.0-aarch64-unknown-linux-musl.tar.gz"
url_api = "https://api.github.com/repos/ajeetdsouza/zoxide/releases/assets/466316402"

[tools.zoxide."platforms.linux-arm64-musl"]
checksum = "sha256:f1f16c5d6298d63dee467eedea1cdcd8490e43e493bea43acd416dc9033ef641"
url = "https://github.com/ajeetdsouza/zoxide/releases/download/v0.10.0/zoxide-0.10.0-aarch64-unknown-linux-musl.tar.gz"
url_api = "https://api.github.com/repos/ajeetdsouza/zoxide/releases/assets/466316402"

[tools.zoxide."platforms.linux-x64"]
checksum = "sha256:2d93385b99f3e82cf2701609a1bffcad863fbeb75aa3fe7eb6be4d29be68b1ae"
url = "https://github.com/ajeetdsouza/zoxide/releases/download/v0.10.0/zoxide-0.10.0-x86_64-unknown-linux-musl.tar.gz"
url_api = "https://api.github.com/repos/ajeetdsouza/zoxide/releases/assets/466316293"

[tools.zoxide."platforms.linux-x64-musl"]
checksum = "sha256:2d93385b99f3e82cf2701609a1bffcad863fbeb75aa3fe7eb6be4d29be68b1ae"
url = "https://github.com/ajeetdsouza/zoxide/releases/download/v0.10.0/zoxide-0.10.0-x86_64-unknown-linux-musl.tar.gz"
url_api = "https://api.github.com/repos/ajeetdsouza/zoxide/releases/assets/466316293"

[tools.zoxide."platforms.macos-arm64"]
checksum = "sha256:b55ae6f2f5f23d0a6ccb3bd4eeb2af9c7e0a6556e5255c82100e40305129bbb0"
url = "https://github.com/ajeetdsouza/zoxide/releases/download/v0.10.0/zoxide-0.10.0-aarch64-apple-darwin.tar.gz"
url_api = "https://api.github.com/repos/ajeetdsouza/zoxide/releases/assets/466316174"

[tools.zoxide."platforms.macos-x64"]
checksum = "sha256:18ab7ae2633ad6e2ab79a4e665cbba1e95b7c872d44523326efb793202451dad"
url = "https://github.com/ajeetdsouza/zoxide/releases/download/v0.10.0/zoxide-0.10.0-x86_64-apple-darwin.tar.gz"
url_api = "https://api.github.com/repos/ajeetdsouza/zoxide/releases/assets/466316167"

[tools.zoxide."platforms.windows-x64"]
checksum = "sha256:f465ae548f8754c8e7edbc60b45fbf58c92bfe123db83d790252d6810fa5daf1"
url = "https://github.com/ajeetdsouza/zoxide/releases/download/v0.10.0/zoxide-0.10.0-x86_64-pc-windows-msvc.zip"
url_api = "https://api.github.com/repos/ajeetdsouza/zoxide/releases/assets/466316769"
